
Microsoft Visual Studio Solution File, Format Version 12.00
# Visual Studio Version 16
VisualStudioVersion = 16.0.30406.217
MinimumVisualStudioVersion = 10.0.40219.1
Project("{FAE04EC0-301F-11D3-BF4B-00C04F79EFBC}") = "ASCII RPG", "ASCII RPG\ASCII RPG.csproj", "{ED8AD863-0DEB-4B8F-9EAC-0B3E0F461925}"
EndProject
Global
	GlobalSection(SolutionConfigurationPlatforms) = preSolution
		Debug|Any CPU = Debug|Any CPU
		Release|Any CPU = Release|Any CPU
	EndGlobalSection
	GlobalSection(ProjectConfigurationPlatforms) = postSolution
		{ED8AD863-0DEB-4B8F-9EAC-0B3E0F461925}.Debug|Any CPU.ActiveCfg = Debug|Any CPU
		{ED8AD863-0DEB-4B8F-9EAC-0B3E0F461925}.Debug|Any CPU.Build.0 = Debug|Any CPU
		{ED8AD863-0DEB-4B8F-9EAC-0B3E0F461925}.Release|Any CPU.ActiveCfg = Release|Any CPU
		{ED8AD863-0DEB-4B8F-9EAC-0B3E0F461925}.Release|Any CPU.Build.0 = Release|Any CPU
	EndGlobalSection
	GlobalSection(SolutionProperties) = preSolution
		HideSolutionNode = FALSE
	EndGlobalSection
	GlobalSection(ExtensibilityGlobals) = postSolution
		SolutionGuid = {B333AF8D-D435-4064-8AF8-5E37F29C7E78}
	EndGlobalSection
EndGlobal
